
Microsoft Visual Studio Solution File, Format Version 12.00
# Visual Studio Version 16
VisualStudioVersion = 16.0.30503.244
MinimumVisualStudioVersion = 15.0.26124.0
Project("{9A19103F-16F7-4668-BE54-9A1E7A4F7556}") = "API", "API\API.csproj", "{774A1E81-D27B-4AE1-8698-994BDABB7D04}"
EndProject
Project("{E24C65DC-7377-472B-9ABA-BC803B73C61A}") = "UI", "UI\", "{8D9413FA-63F5-49FB-926B-D35291737E37}"
	ProjectSection(WebsiteProperties) = preProject
		TargetFrameworkMoniker = ".NETFramework,Version%3Dv4.0"
		Debug.AspNetCompiler.VirtualPath = "/localhost_59995"
		Debug.AspNetCompiler.PhysicalPath = "UI\"
		Debug.AspNetCompiler.TargetPath = "PrecompiledWeb\localhost_59995\"
		Debug.AspNetCompiler.Updateable = "true"
		Debug.AspNetCompiler.ForceOverwrite = "true"
		Debug.AspNetCompiler.FixedNames = "false"
		Debug.AspNetCompiler.Debug = "True"
		Release.AspNetCompiler.VirtualPath = "/localhost_59995"
		Release.AspNetCompiler.PhysicalPath = "UI\"
		Release.AspNetCompiler.TargetPath = "PrecompiledWeb\localhost_59995\"
		Release.AspNetCompiler.Updateable = "true"
		Release.AspNetCompiler.ForceOverwrite = "true"
		Release.AspNetCompiler.FixedNames = "false"
		Release.AspNetCompiler.Debug = "False"
		VWDPort = "59995"
		SlnRelativePath = "UI\"
	EndProjectSection
EndProject
Project("{FAE04EC0-301F-11D3-BF4B-00C04F79EFBC}") = "DAL", "DAL\DAL.csproj", "{1D4C8176-20DF-41A8-BDFC-C999C5D661CA}"
EndProject
Global
	GlobalSection(SolutionConfigurationPlatforms) = preSolution
		Debug|Any CPU = Debug|Any CPU
		Debug|x64 = Debug|x64
		Debug|x86 = Debug|x86
		Release|Any CPU = Release|Any CPU
		Release|x64 = Release|x64
		Release|x86 = Release|x86
	EndGlobalSection
	GlobalSection(ProjectConfigurationPlatforms) = postSolution
		{774A1E81-D27B-4AE1-8698-994BDABB7D04}.Debug|Any CPU.ActiveCfg = Debug|Any CPU
		{774A1E81-D27B-4AE1-8698-994BDABB7D04}.Debug|Any CPU.Build.0 = Debug|Any CPU
		{774A1E81-D27B-4AE1-8698-994BDABB7D04}.Debug|x64.ActiveCfg = Debug|Any CPU
		{774A1E81-D27B-4AE1-8698-994BDABB7D04}.Debug|x64.Build.0 = Debug|Any CPU
		{774A1E81-D27B-4AE1-8698-994BDABB7D04}.Debug|x86.ActiveCfg = Debug|Any CPU
		{774A1E81-D27B-4AE1-8698-994BDABB7D04}.Debug|x86.Build.0 = Debug|Any CPU
		{774A1E81-D27B-4AE1-8698-994BDABB7D04}.Release|Any CPU.ActiveCfg = Release|Any CPU
		{774A1E81-D27B-4AE1-8698-994BDABB7D04}.Release|Any CPU.Build.0 = Release|Any CPU
		{774A1E81-D27B-4AE1-8698-994BDABB7D04}.Release|x64.ActiveCfg = Release|Any CPU
		{774A1E81-D27B-4AE1-8698-994BDABB7D04}.Release|x64.Build.0 = Release|Any CPU
		{774A1E81-D27B-4AE1-8698-994BDABB7D04}.Release|x86.ActiveCfg = Release|Any CPU
		{774A1E81-D27B-4AE1-8698-994BDABB7D04}.Release|x86.Build.0 = Release|Any CPU
		{8D9413FA-63F5-49FB-926B-D35291737E37}.Debug|Any CPU.ActiveCfg = Debug|Any CPU
		{8D9413FA-63F5-49FB-926B-D35291737E37}.Debug|Any CPU.Build.0 = Debug|Any CPU
		{8D9413FA-63F5-49FB-926B-D35291737E37}.Debug|x64.ActiveCfg = Debug|Any CPU
		{8D9413FA-63F5-49FB-926B-D35291737E37}.Debug|x64.Build.0 = Debug|Any CPU
		{8D9413FA-63F5-49FB-926B-D35291737E37}.Debug|x86.ActiveCfg = Debug|Any CPU
		{8D9413FA-63F5-49FB-926B-D35291737E37}.Debug|x86.Build.0 = Debug|Any CPU
		{8D9413FA-63F5-49FB-926B-D35291737E37}.Release|Any CPU.ActiveCfg = Debug|Any CPU
		{8D9413FA-63F5-49FB-926B-D35291737E37}.Release|Any CPU.Build.0 = Debug|Any CPU
		{8D9413FA-63F5-49FB-926B-D35291737E37}.Release|x64.ActiveCfg = Debug|Any CPU
		{8D9413FA-63F5-49FB-926B-D35291737E37}.Release|x64.Build.0 = Debug|Any CPU
		{8D9413FA-63F5-49FB-926B-D35291737E37}.Release|x86.ActiveCfg = Debug|Any CPU
		{8D9413FA-63F5-49FB-926B-D35291737E37}.Release|x86.Build.0 = Debug|Any CPU
		{1D4C8176-20DF-41A8-BDFC-C999C5D661CA}.Debug|Any CPU.ActiveCfg = Debug|Any CPU
		{1D4C8176-20DF-41A8-BDFC-C999C5D661CA}.Debug|Any CPU.Build.0 = Debug|Any CPU
		{1D4C8176-20DF-41A8-BDFC-C999C5D661CA}.Debug|x64.ActiveCfg = Debug|Any CPU
		{1D4C8176-20DF-41A8-BDFC-C999C5D661CA}.Debug|x64.Build.0 = Debug|Any CPU
		{1D4C8176-20DF-41A8-BDFC-C999C5D661CA}.Debug|x86.ActiveCfg = Debug|Any CPU
		{1D4C8176-20DF-41A8-BDFC-C999C5D661CA}.Debug|x86.Build.0 = Debug|Any CPU
		{1D4C8176-20DF-41A8-BDFC-C999C5D661CA}.Release|Any CPU.ActiveCfg = Release|Any CPU
		{1D4C8176-20DF-41A8-BDFC-C999C5D661CA}.Release|Any CPU.Build.0 = Release|Any CPU
		{1D4C8176-20DF-41A8-BDFC-C999C5D661CA}.Release|x64.ActiveCfg = Release|Any CPU
		{1D4C8176-20DF-41A8-BDFC-C999C5D661CA}.Release|x64.Build.0 = Release|Any CPU
		{1D4C8176-20DF-41A8-BDFC-C999C5D661CA}.Release|x86.ActiveCfg = Release|Any CPU
		{1D4C8176-20DF-41A8-BDFC-C999C5D661CA}.Release|x86.Build.0 = Release|Any CPU
	EndGlobalSection
	GlobalSection(SolutionProperties) = preSolution
		HideSolutionNode = FALSE
	EndGlobalSection
	GlobalSection(ExtensibilityGlobals) = postSolution
		SolutionGuid = {395B95D0-422B-40BF-B558-ECF629B3D13F}
	EndGlobalSection
EndGlobal
